
Microsoft Visual Studio Solution File, Format Version 12.00
# Visual Studio Version 16
VisualStudioVersion = 16.0.31205.134
MinimumVisualStudioVersion = 10.0.40219.1
Project("{FAE04EC0-301F-11D3-BF4B-00C04F79EFBC}") = "DesafiosBeecrowd.ConsoleApp", "DesafiosBeecrowd.ConsoleApp\DesafiosBeecrowd.ConsoleApp.csproj", "{D0F3B12D-E44F-4649-B3D5-D9E17A8F4D4D}"
EndProject
Global
	GlobalSection(SolutionConfigurationPlatforms) = preSolution
		Debug|Any CPU = Debug|Any CPU
		Release|Any CPU = Release|Any CPU
	EndGlobalSection
	GlobalSection(ProjectConfigurationPlatforms) = postSolution
		{D0F3B12D-E44F-4649-B3D5-D9E17A8F4D4D}.Debug|Any CPU.ActiveCfg = Debug|Any CPU
		{D0F3B12D-E44F-4649-B3D5-D9E17A8F4D4D}.Debug|Any CPU.Build.0 = Debug|Any CPU
		{D0F3B12D-E44F-4649-B3D5-D9E17A8F4D4D}.Release|Any CPU.ActiveCfg = Release|Any CPU
		{D0F3B12D-E44F-4649-B3D5-D9E17A8F4D4D}.Release|Any CPU.Build.0 = Release|Any CPU
	EndGlobalSection
	GlobalSection(SolutionProperties) = preSolution
		HideSolutionNode = FALSE
	EndGlobalSection
	GlobalSection(ExtensibilityGlobals) = postSolution
		SolutionGuid = {A3F5B2B1-4B33-4616-94B9-CA9BD3B2B9E2}
	EndGlobalSection
EndGlobal
